
Microsoft Visual Studio Solution File, Format Version 12.00
# Visual Studio 2015
Project("{FAE04EC0-301F-11D3-BF4B-00C04F79EFBC}") = "Assignment4 V2", "Assignment4 V2.csproj", "{C1AC373A-C78F-97E1-45E1-C9A8038FEE56}"
EndProject
Global
	GlobalSection(SolutionConfigurationPlatforms) = preSolution
		Debug|Any CPU = Debug|Any CPU
		Release|Any CPU = Release|Any CPU
	EndGlobalSection
	GlobalSection(ProjectConfigurationPlatforms) = postSolution
		{C1AC373A-C78F-97E1-45E1-C9A8038FEE56}.Debug|Any CPU.ActiveCfg = Debug|Any CPU
		{C1AC373A-C78F-97E1-45E1-C9A8038FEE56}.Debug|Any CPU.Build.0 = Debug|Any CPU
		{C1AC373A-C78F-97E1-45E1-C9A8038FEE56}.Release|Any CPU.ActiveCfg = Release|Any CPU
		{C1AC373A-C78F-97E1-45E1-C9A8038FEE56}.Release|Any CPU.Build.0 = Release|Any CPU
	EndGlobalSection
	GlobalSection(SolutionProperties) = preSolution
		HideSolutionNode = FALSE
	EndGlobalSection
EndGlobal
